
Microsoft Visual Studio Solution File, Format Version 12.00
# Visual Studio 14
VisualStudioVersion = 14.0.25123.0
MinimumVisualStudioVersion = 10.0.40219.1
Project("{FAE04EC0-301F-11D3-BF4B-00C04F79EFBC}") = "NotamCodeConverter", "NotamCodeConverter\NotamCodeConverter.csproj", "{726EFA70-3568-4DBD-A9A1-38C98E7D0DED}"
EndProject
Global
	GlobalSection(SolutionConfigurationPlatforms) = preSolution
		Debug|Any CPU = Debug|Any CPU
		Release|Any CPU = Release|Any CPU
	EndGlobalSection
	GlobalSection(ProjectConfigurationPlatforms) = postSolution
		{726EFA70-3568-4DBD-A9A1-38C98E7D0DED}.Debug|Any CPU.ActiveCfg = Debug|Any CPU
		{726EFA70-3568-4DBD-A9A1-38C98E7D0DED}.Debug|Any CPU.Build.0 = Debug|Any CPU
		{726EFA70-3568-4DBD-A9A1-38C98E7D0DED}.Release|Any CPU.ActiveCfg = Release|Any CPU
		{726EFA70-3568-4DBD-A9A1-38C98E7D0DED}.Release|Any CPU.Build.0 = Release|Any CPU
	EndGlobalSection
	GlobalSection(SolutionProperties) = preSolution
		HideSolutionNode = FALSE
	EndGlobalSection
EndGlobal
